
Microsoft Visual Studio Solution File, Format Version 12.00
# Visual Studio Version 17
VisualStudioVersion = 17.3.32811.315
MinimumVisualStudioVersion = 10.0.40219.1
Project("{FAE04EC0-301F-11D3-BF4B-00C04F79EFBC}") = "INCREDIBLE_TECH (LTD)", "INCREDIBLE_TECH (LTD)\INCREDIBLE_TECH (LTD).csproj", "{1CF6F24D-CC3C-49E2-9A01-59D3636698E8}"
EndProject
Global
	GlobalSection(SolutionConfigurationPlatforms) = preSolution
		Debug|Any CPU = Debug|Any CPU
		Release|Any CPU = Release|Any CPU
	EndGlobalSection
	GlobalSection(ProjectConfigurationPlatforms) = postSolution
		{1CF6F24D-CC3C-49E2-9A01-59D3636698E8}.Debug|Any CPU.ActiveCfg = Debug|Any CPU
		{1CF6F24D-CC3C-49E2-9A01-59D3636698E8}.Debug|Any CPU.Build.0 = Debug|Any CPU
		{1CF6F24D-CC3C-49E2-9A01-59D3636698E8}.Release|Any CPU.ActiveCfg = Release|Any CPU
		{1CF6F24D-CC3C-49E2-9A01-59D3636698E8}.Release|Any CPU.Build.0 = Release|Any CPU
	EndGlobalSection
	GlobalSection(SolutionProperties) = preSolution
		HideSolutionNode = FALSE
	EndGlobalSection
	GlobalSection(ExtensibilityGlobals) = postSolution
		SolutionGuid = {D8F8F37F-EC36-4A73-AC84-845E4283974D}
	EndGlobalSection
EndGlobal
